// !$*UTF8*$!
{
	archiveVersion = 1;
	classes = {
	};
	objectVersion = 46;
	objects = {

/* Begin PBXBuildFile section */
		520ACAB404794DF3D07E6606 /* Pods_Weather_Today.framework in Frameworks */ = {isa = PBXBuildFile; fileRef = 588D0ED443117E895A709049 /* Pods_Weather_Today.framework */; };
		7772CB341EBFD2EC00574815 /* WeatherTodayViewController.swift in Sources */ = {isa = PBXBuildFile; fileRef = 7772CB331EBFD2EC00574815 /* WeatherTodayViewController.swift */; };
		7772CB3D1EC13D0E00574815 /* OpenWeatherMapError.swift in Sources */ = {isa = PBXBuildFile; fileRef = 7772CB3C1EC13D0E00574815 /* OpenWeatherMapError.swift */; };
		7772CB3F1EC1426B00574815 /* OpenWeatherMapAPIClient.swift in Sources */ = {isa = PBXBuildFile; fileRef = 7772CB3E1EC1426B00574815 /* OpenWeatherMapAPIClient.swift */; };
		7772CB411EC145A800574815 /* Coordinate.swift in Sources */ = {isa = PBXBuildFile; fileRef = 7772CB401EC145A800574815 /* Coordinate.swift */; };
		77B87EE11EBC02C70058D877 /* AppDelegate.swift in Sources */ = {isa = PBXBuildFile; fileRef = 77B87EE01EBC02C70058D877 /* AppDelegate.swift */; };
		77B87EE81EBC02C70058D877 /* Main.storyboard in Resources */ = {isa = PBXBuildFile; fileRef = 77B87EE61EBC02C70058D877 /* Main.storyboard */; };
		77B87EEA1EBC02C70058D877 /* Images.xcassets in Resources */ = {isa = PBXBuildFile; fileRef = 77B87EE91EBC02C70058D877 /* Images.xcassets */; };
		77B87EED1EBC02C70058D877 /* LaunchScreen.storyboard in Resources */ = {isa = PBXBuildFile; fileRef = 77B87EEB1EBC02C70058D877 /* LaunchScreen.storyboard */; };
		77B87F171EBCC93C0058D877 /* WeatherDay.swift in Sources */ = {isa = PBXBuildFile; fileRef = 77B87F161EBCC93C0058D877 /* WeatherDay.swift */; };
		77B87F1B1EBE06A60058D877 /* ForeViewController.swift in Sources */ = {isa = PBXBuildFile; fileRef = 77B87F1A1EBE06A60058D877 /* ForeViewController.swift */; };
		77B87F1D1EBE08280058D877 /* ForecastDayTableViewCell.swift in Sources */ = {isa = PBXBuildFile; fileRef = 77B87F1C1EBE08280058D877 /* ForecastDayTableViewCell.swift */; };
		77B87F231EBE36470058D877 /* CurrentWeather.swift in Sources */ = {isa = PBXBuildFile; fileRef = 77B87F221EBE36470058D877 /* CurrentWeather.swift */; };
		77B87F251EBE3D6A0058D877 /* WeatherIcon.swift in Sources */ = {isa = PBXBuildFile; fileRef = 77B87F241EBE3D6A0058D877 /* WeatherIcon.swift */; };
		77B87F271EBE5BC90058D877 /* CurrentWeatherViewModel.swift in Sources */ = {isa = PBXBuildFile; fileRef = 77B87F261EBE5BC90058D877 /* CurrentWeatherViewModel.swift */; };
		77B87F2F1EBECC2A0058D877 /* ProximaNova-Bold.otf in Resources */ = {isa = PBXBuildFile; fileRef = 77B87F2B1EBECC2A0058D877 /* ProximaNova-Bold.otf */; };
		77B87F301EBECC2A0058D877 /* ProximaNova-Light.otf in Resources */ = {isa = PBXBuildFile; fileRef = 77B87F2C1EBECC2A0058D877 /* ProximaNova-Light.otf */; };
		77B87F311EBECC2A0058D877 /* ProximaNova-Regular.otf in Resources */ = {isa = PBXBuildFile; fileRef = 77B87F2D1EBECC2A0058D877 /* ProximaNova-Regular.otf */; };
		77B87F321EBECC2A0058D877 /* ProximaNova-Semibold.otf in Resources */ = {isa = PBXBuildFile; fileRef = 77B87F2E1EBECC2A0058D877 /* ProximaNova-Semibold.otf */; };
/* End PBXBuildFile section */

/* Begin PBXFileReference section */
		588D0ED443117E895A709049 /* Pods_Weather_Today.framework */ = {isa = PBXFileReference; explicitFileType = wrapper.framework; includeInIndex = 0; path = Pods_Weather_Today.framework; sourceTree = BUILT_PRODUCTS_DIR; };
		6CDE422A6AC1FB897CED342C /* Pods-Weather Today.release.xcconfig */ = {isa = PBXFileReference; includeInIndex = 1; lastKnownFileType = text.xcconfig; name = "Pods-Weather Today.release.xcconfig"; path = "Pods/Target Support Files/Pods-Weather Today/Pods-Weather Today.release.xcconfig"; sourceTree = "<group>"; };
		7772CB331EBFD2EC00574815 /* WeatherTodayViewController.swift */ = {isa = PBXFileReference; fileEncoding = 4; lastKnownFileType = sourcecode.swift; path = WeatherTodayViewController.swift; sourceTree = "<group>"; };
		7772CB3C1EC13D0E00574815 /* OpenWeatherMapError.swift */ = {isa = PBXFileReference; fileEncoding = 4; lastKnownFileType = sourcecode.swift; path = OpenWeatherMapError.swift; sourceTree = "<group>"; };
		7772CB3E1EC1426B00574815 /* OpenWeatherMapAPIClient.swift */ = {isa = PBXFileReference; fileEncoding = 4; lastKnownFileType = sourcecode.swift; path = OpenWeatherMapAPIClient.swift; sourceTree = "<group>"; };
		7772CB401EC145A800574815 /* Coordinate.swift */ = {isa = PBXFileReference; fileEncoding = 4; lastKnownFileType = sourcecode.swift; path = Coordinate.swift; sourceTree = "<group>"; };
		77B87EDD1EBC02C70058D877 /* Weather Today.app */ = {isa = PBXFileReference; explicitFileType = wrapper.application; includeInIndex = 0; path = "Weather Today.app"; sourceTree = BUILT_PRODUCTS_DIR; };
		77B87EE01EBC02C70058D877 /* AppDelegate.swift */ = {isa = PBXFileReference; lastKnownFileType = sourcecode.swift; path = AppDelegate.swift; sourceTree = "<group>"; };
		77B87EE71EBC02C70058D877 /* Base */ = {isa = PBXFileReference; lastKnownFileType = file.storyboard; name = Base; path = Base.lproj/Main.storyboard; sourceTree = "<group>"; };
		77B87EE91EBC02C70058D877 /* Images.xcassets */ = {isa = PBXFileReference; lastKnownFileType = folder.assetcatalog; path = Images.xcassets; sourceTree = "<group>"; };
		77B87EEC1EBC02C70058D877 /* Base */ = {isa = PBXFileReference; lastKnownFileType = file.storyboard; name = Base; path = Base.lproj/LaunchScreen.storyboard; sourceTree = "<group>"; };
		77B87EEE1EBC02C70058D877 /* Info.plist */ = {isa = PBXFileReference; lastKnownFileType = text.plist.xml; path = Info.plist; sourceTree = "<group>"; };
		77B87F161EBCC93C0058D877 /* WeatherDay.swift */ = {isa = PBXFileReference; fileEncoding = 4; lastKnownFileType = sourcecode.swift; path = WeatherDay.swift; sourceTree = "<group>"; };
		77B87F1A1EBE06A60058D877 /* ForeViewController.swift */ = {isa = PBXFileReference; fileEncoding = 4; lastKnownFileType = sourcecode.swift; path = ForeViewController.swift; sourceTree = "<group>"; };
		77B87F1C1EBE08280058D877 /* ForecastDayTableViewCell.swift */ = {isa = PBXFileReference; fileEncoding = 4; lastKnownFileType = sourcecode.swift; path = ForecastDayTableViewCell.swift; sourceTree = "<group>"; };
		77B87F221EBE36470058D877 /* CurrentWeather.swift */ = {isa = PBXFileReference; fileEncoding = 4; lastKnownFileType = sourcecode.swift; path = CurrentWeather.swift; sourceTree = "<group>"; };
		77B87F241EBE3D6A0058D877 /* WeatherIcon.swift */ = {isa = PBXFileReference; fileEncoding = 4; lastKnownFileType = sourcecode.swift; path = WeatherIcon.swift; sourceTree = "<group>"; };
		77B87F261EBE5BC90058D877 /* CurrentWeatherViewModel.swift */ = {isa = PBXFileReference; fileEncoding = 4; lastKnownFileType = sourcecode.swift; path = CurrentWeatherViewModel.swift; sourceTree = "<group>"; };
		77B87F2B1EBECC2A0058D877 /* ProximaNova-Bold.otf */ = {isa = PBXFileReference; lastKnownFileType = file; path = "ProximaNova-Bold.otf"; sourceTree = "<group>"; };
		77B87F2C1EBECC2A0058D877 /* ProximaNova-Light.otf */ = {isa = PBXFileReference; lastKnownFileType = file; path = "ProximaNova-Light.otf"; sourceTree = "<group>"; };
		77B87F2D1EBECC2A0058D877 /* ProximaNova-Regular.otf */ = {isa = PBXFileReference; lastKnownFileType = file; path = "ProximaNova-Regular.otf"; sourceTree = "<group>"; };
		77B87F2E1EBECC2A0058D877 /* ProximaNova-Semibold.otf */ = {isa = PBXFileReference; lastKnownFileType = file; path = "ProximaNova-Semibold.otf"; sourceTree = "<group>"; };
		AB96B4D421E4DC9A5A822E3E /* Pods-Weather Today.debug.xcconfig */ = {isa = PBXFileReference; includeInIndex = 1; lastKnownFileType = text.xcconfig; name = "Pods-Weather Today.debug.xcconfig"; path = "Pods/Target Support Files/Pods-Weather Today/Pods-Weather Today.debug.xcconfig"; sourceTree = "<group>"; };
/* End PBXFileReference section */

/* Begin PBXFrameworksBuildPhase section */
		77B87EDA1EBC02C70058D877 /* Frameworks */ = {
			isa = PBXFrameworksBuildPhase;
			buildActionMask = 2147483647;
			files = (
				520ACAB404794DF3D07E6606 /* Pods_Weather_Today.framework in Frameworks */,
			);
			runOnlyForDeploymentPostprocessing = 0;
		};
/* End PBXFrameworksBuildPhase section */

/* Begin PBXGroup section */
		3EBCB26A54A57FBE07E6DB10 /* Pods */ = {
			isa = PBXGroup;
			children = (
				AB96B4D421E4DC9A5A822E3E /* Pods-Weather Today.debug.xcconfig */,
				6CDE422A6AC1FB897CED342C /* Pods-Weather Today.release.xcconfig */,
			);
			name = Pods;
			sourceTree = "<group>";
		};
		7772CB361EC12E7700574815 /* ApplicationDelegate */ = {
			isa = PBXGroup;
			children = (
				77B87EE01EBC02C70058D877 /* AppDelegate.swift */,
			);
			name = ApplicationDelegate;
			sourceTree = "<group>";
		};
		7772CB371EC12E9400574815 /* SupportingFiles */ = {
			isa = PBXGroup;
			children = (
				77B87EEE1EBC02C70058D877 /* Info.plist */,
			);
			name = SupportingFiles;
			sourceTree = "<group>";
		};
		7772CB381EC1372700574815 /* WeatherTodayViewController */ = {
			isa = PBXGroup;
			children = (
				7772CB331EBFD2EC00574815 /* WeatherTodayViewController.swift */,
			);
			name = WeatherTodayViewController;
			sourceTree = "<group>";
		};
		7772CB391EC1373800574815 /* ForecastViewController */ = {
			isa = PBXGroup;
			children = (
				7772CB3A1EC1374600574815 /* Cells */,
				77B87F1A1EBE06A60058D877 /* ForeViewController.swift */,
			);
			name = ForecastViewController;
			sourceTree = "<group>";
		};
		7772CB3A1EC1374600574815 /* Cells */ = {
			isa = PBXGroup;
			children = (
				77B87F1C1EBE08280058D877 /* ForecastDayTableViewCell.swift */,
			);
			name = Cells;
			sourceTree = "<group>";
		};
		7772CB3B1EC13CE900574815 /* API */ = {
			isa = PBXGroup;
			children = (
				7772CB3C1EC13D0E00574815 /* OpenWeatherMapError.swift */,
				7772CB3E1EC1426B00574815 /* OpenWeatherMapAPIClient.swift */,
				7772CB401EC145A800574815 /* Coordinate.swift */,
			);
			name = API;
			sourceTree = "<group>";
		};
		77B87ED41EBC02C70058D877 = {
			isa = PBXGroup;
			children = (
				77B87EDF1EBC02C70058D877 /* Weather Today */,
				77B87EDE1EBC02C70058D877 /* Products */,
				3EBCB26A54A57FBE07E6DB10 /* Pods */,
				7EDD603216EB50F6FBE5B085 /* Frameworks */,
			);
			sourceTree = "<group>";
		};
		77B87EDE1EBC02C70058D877 /* Products */ = {
			isa = PBXGroup;
			children = (
				77B87EDD1EBC02C70058D877 /* Weather Today.app */,
			);
			name = Products;
			sourceTree = "<group>";
		};
		77B87EDF1EBC02C70058D877 /* Weather Today */ = {
			isa = PBXGroup;
			children = (
				7772CB3B1EC13CE900574815 /* API */,
				77B87F211EBE35E90058D877 /* Resources */,
				77B87F201EBE35C20058D877 /* Views */,
				77B87F1F1EBE35BD0058D877 /* Controllers */,
				77B87F1E1EBE35B30058D877 /* Models */,
				7772CB361EC12E7700574815 /* ApplicationDelegate */,
				7772CB371EC12E9400574815 /* SupportingFiles */,
			);
			path = "Weather Today";
			sourceTree = "<group>";
		};
		77B87F1E1EBE35B30058D877 /* Models */ = {
			isa = PBXGroup;
			children = (
				77B87F161EBCC93C0058D877 /* WeatherDay.swift */,
				77B87F221EBE36470058D877 /* CurrentWeather.swift */,
				77B87F261EBE5BC90058D877 /* CurrentWeatherViewModel.swift */,
				77B87F241EBE3D6A0058D877 /* WeatherIcon.swift */,
			);
			name = Models;
			sourceTree = "<group>";
		};
		77B87F1F1EBE35BD0058D877 /* Controllers */ = {
			isa = PBXGroup;
			children = (
				7772CB381EC1372700574815 /* WeatherTodayViewController */,
				7772CB391EC1373800574815 /* ForecastViewController */,
			);
			name = Controllers;
			sourceTree = "<group>";
		};
		77B87F201EBE35C20058D877 /* Views */ = {
			isa = PBXGroup;
			children = (
				77B87EE61EBC02C70058D877 /* Main.storyboard */,
				77B87EEB1EBC02C70058D877 /* LaunchScreen.storyboard */,
			);
			name = Views;
			sourceTree = "<group>";
		};
		77B87F211EBE35E90058D877 /* Resources */ = {
			isa = PBXGroup;
			children = (
				77B87F281EBECBE60058D877 /* Fonts */,
				77B87EE91EBC02C70058D877 /* Images.xcassets */,
			);
			name = Resources;
			sourceTree = "<group>";
		};
		77B87F281EBECBE60058D877 /* Fonts */ = {
			isa = PBXGroup;
			children = (
				77B87F2B1EBECC2A0058D877 /* ProximaNova-Bold.otf */,
				77B87F2C1EBECC2A0058D877 /* ProximaNova-Light.otf */,
				77B87F2D1EBECC2A0058D877 /* ProximaNova-Regular.otf */,
				77B87F2E1EBECC2A0058D877 /* ProximaNova-Semibold.otf */,
			);
			name = Fonts;
			sourceTree = "<group>";
		};
		7EDD603216EB50F6FBE5B085 /* Frameworks */ = {
			isa = PBXGroup;
			children = (
				588D0ED443117E895A709049 /* Pods_Weather_Today.framework */,
			);
			name = Frameworks;
			sourceTree = "<group>";
		};
/* End PBXGroup section */

/* Begin PBXNativeTarget section */
		77B87EDC1EBC02C70058D877 /* Weather Today */ = {
			isa = PBXNativeTarget;
			buildConfigurationList = 77B87EF11EBC02C70058D877 /* Build configuration list for PBXNativeTarget "Weather Today" */;
			buildPhases = (
				98DC90DAA94BFC3629E9EC3F /* [CP] Check Pods Manifest.lock */,
				77B87ED91EBC02C70058D877 /* Sources */,
				77B87EDA1EBC02C70058D877 /* Frameworks */,
				77B87EDB1EBC02C70058D877 /* Resources */,
				9EAB7DE79A5A646A65E1922E /* [CP] Embed Pods Frameworks */,
				0F5BD1A561CD68D5673A9493 /* [CP] Copy Pods Resources */,
			);
			buildRules = (
			);
			dependencies = (
			);
			name = "Weather Today";
			productName = "Weather Today";
			productReference = 77B87EDD1EBC02C70058D877 /* Weather Today.app */;
			productType = "com.apple.product-type.application";
		};
/* End PBXNativeTarget section */

/* Begin PBXProject section */
		77B87ED51EBC02C70058D877 /* Project object */ = {
			isa = PBXProject;
			attributes = {
				LastSwiftUpdateCheck = 0820;
				LastUpgradeCheck = 0820;
				ORGANIZATIONNAME = "Sebastián  Lara";
				TargetAttributes = {
					77B87EDC1EBC02C70058D877 = {
						CreatedOnToolsVersion = 8.2.1;
						DevelopmentTeam = 39SZABLU7Z;
						ProvisioningStyle = Automatic;
					};
				};
			};
			buildConfigurationList = 77B87ED81EBC02C70058D877 /* Build configuration list for PBXProject "Weather Today" */;
			compatibilityVersion = "Xcode 3.2";
			developmentRegion = English;
			hasScannedForEncodings = 0;
			knownRegions = (
				en,
				Base,
			);
			mainGroup = 77B87ED41EBC02C70058D877;
			productRefGroup = 77B87EDE1EBC02C70058D877 /* Products */;
			projectDirPath = "";
			projectRoot = "";
			targets = (
				77B87EDC1EBC02C70058D877 /* Weather Today */,
			);
		};
/* End PBXProject section */

/* Begin PBXResourcesBuildPhase section */
		77B87EDB1EBC02C70058D877 /* Resources */ = {
			isa = PBXResourcesBuildPhase;
			buildActionMask = 2147483647;
			files = (
				77B87F301EBECC2A0058D877 /* ProximaNova-Light.otf in Resources */,
				77B87EED1EBC02C70058D877 /* LaunchScreen.storyboard in Resources */,
				77B87F2F1EBECC2A0058D877 /* ProximaNova-Bold.otf in Resources */,
				77B87EEA1EBC02C70058D877 /* Images.xcassets in Resources */,
				77B87EE81EBC02C70058D877 /* Main.storyboard in Resources */,
				77B87F311EBECC2A0058D877 /* ProximaNova-Regular.otf in Resources */,
				77B87F321EBECC2A0058D877 /* ProximaNova-Semibold.otf in Resources */,
			);
			runOnlyForDeploymentPostprocessing = 0;
		};
/* End PBXResourcesBuildPhase section */

/* Begin PBXShellScriptBuildPhase section */
		0F5BD1A561CD68D5673A9493 /* [CP] Copy Pods Resources */ = {
			isa = PBXShellScriptBuildPhase;
			buildActionMask = 2147483647;
			files = (
			);
			inputPaths = (
			);
			name = "[CP] Copy Pods Resources";
			outputPaths = (
			);
			runOnlyForDeploymentPostprocessing = 0;
			shellPath = /bin/sh;
			shellScript = "\"${SRCROOT}/Pods/Target Support Files/Pods-Weather Today/Pods-Weather Today-resources.sh\"\n";
			showEnvVarsInLog = 0;
		};
		98DC90DAA94BFC3629E9EC3F /* [CP] Check Pods Manifest.lock */ = {
			isa = PBXShellScriptBuildPhase;
			buildActionMask = 2147483647;
			files = (
			);
			inputPaths = (
			);
			name = "[CP] Check Pods Manifest.lock";
			outputPaths = (
			);
			runOnlyForDeploymentPostprocessing = 0;
			shellPath = /bin/sh;
			shellScript = "diff \"${PODS_PODFILE_DIR_PATH}/Podfile.lock\" \"${PODS_ROOT}/Manifest.lock\" > /dev/null\nif [ $? != 0 ] ; then\n    # print error to STDERR\n    echo \"error: The sandbox is not in sync with the Podfile.lock. Run 'pod install' or update your CocoaPods installation.\" >&2\n    exit 1\nfi\n";
			showEnvVarsInLog = 0;
		};
		9EAB7DE79A5A646A65E1922E /* [CP] Embed Pods Frameworks */ = {
			isa = PBXShellScriptBuildPhase;
			buildActionMask = 2147483647;
			files = (
			);
			inputPaths = (
			);
			name = "[CP] Embed Pods Frameworks";
			outputPaths = (
			);
			runOnlyForDeploymentPostprocessing = 0;
			shellPath = /bin/sh;
			shellScript = "\"${SRCROOT}/Pods/Target Support Files/Pods-Weather Today/Pods-Weather Today-frameworks.sh\"\n";
			showEnvVarsInLog = 0;
		};
/* End PBXShellScriptBuildPhase section */

/* Begin PBXSourcesBuildPhase section */
		77B87ED91EBC02C70058D877 /* Sources */ = {
			isa = PBXSourcesBuildPhase;
			buildActionMask = 2147483647;
			files = (
				77B87F1D1EBE08280058D877 /* ForecastDayTableViewCell.swift in Sources */,
				77B87F251EBE3D6A0058D877 /* WeatherIcon.swift in Sources */,
				77B87F1B1EBE06A60058D877 /* ForeViewController.swift in Sources */,
				77B87F171EBCC93C0058D877 /* WeatherDay.swift in Sources */,
				7772CB341EBFD2EC00574815 /* WeatherTodayViewController.swift in Sources */,
				7772CB411EC145A800574815 /* Coordinate.swift in Sources */,
				77B87EE11EBC02C70058D877 /* AppDelegate.swift in Sources */,
				77B87F231EBE36470058D877 /* CurrentWeather.swift in Sources */,
				7772CB3F1EC1426B00574815 /* OpenWeatherMapAPIClient.swift in Sources */,
				7772CB3D1EC13D0E00574815 /* OpenWeatherMapError.swift in Sources */,
				77B87F271EBE5BC90058D877 /* CurrentWeatherViewModel.swift in Sources */,
			);
			runOnlyForDeploymentPostprocessing = 0;
		};
/* End PBXSourcesBuildPhase section */

/* Begin PBXVariantGroup section */
		77B87EE61EBC02C70058D877 /* Main.storyboard */ = {
			isa = PBXVariantGroup;
			children = (
				77B87EE71EBC02C70058D877 /* Base */,
			);
			name = Main.storyboard;
			sourceTree = "<group>";
		};
		77B87EEB1EBC02C70058D877 /* LaunchScreen.storyboard */ = {
			isa = PBXVariantGroup;
			children = (
				77B87EEC1EBC02C70058D877 /* Base */,
			);
			name = LaunchScreen.storyboard;
			sourceTree = "<group>";
		};
/* End PBXVariantGroup section */

/* Begin XCBuildConfiguration section */
		77B87EEF1EBC02C70058D877 /* Debug */ = {
			isa = XCBuildConfiguration;
			buildSettings = {
				ALWAYS_SEARCH_USER_PATHS = NO;
				CLANG_ANALYZER_NONNULL = YES;
				CLANG_CXX_LANGUAGE_STANDARD = "gnu++0x";
				CLANG_CXX_LIBRARY = "libc++";
				CLANG_ENABLE_MODULES = YES;
				CLANG_ENABLE_OBJC_ARC = YES;
				CLANG_WARN_BOOL_CONVERSION = YES;
				CLANG_WARN_CONSTANT_CONVERSION = YES;
				CLANG_WARN_DIRECT_OBJC_ISA_USAGE = YES_ERROR;
				CLANG_WARN_DOCUMENTATION_COMMENTS = YES;
				CLANG_WARN_EMPTY_BODY = YES;
				CLANG_WARN_ENUM_CONVERSION = YES;
				CLANG_WARN_INFINITE_RECURSION = YES;
				CLANG_WARN_INT_CONVERSION = YES;
				CLANG_WARN_OBJC_ROOT_CLASS = YES_ERROR;
				CLANG_WARN_SUSPICIOUS_MOVE = YES;
				CLANG_WARN_UNREACHABLE_CODE = YES;
				CLANG_WARN__DUPLICATE_METHOD_MATCH = YES;
				"CODE_SIGN_IDENTITY[sdk=iphoneos*]" = "iPhone Developer";
				COPY_PHASE_STRIP = NO;
				DEBUG_INFORMATION_FORMAT = dwarf;
				ENABLE_STRICT_OBJC_MSGSEND = YES;
				ENABLE_TESTABILITY = YES;
				GCC_C_LANGUAGE_STANDARD = gnu99;
				GCC_DYNAMIC_NO_PIC = NO;
				GCC_NO_COMMON_BLOCKS = YES;
				GCC_OPTIMIZATION_LEVEL = 0;
				GCC_PREPROCESSOR_DEFINITIONS = (
					"DEBUG=1",
					"$(inherited)",
				);
				GCC_WARN_64_TO_32_BIT_CONVERSION = YES;
				GCC_WARN_ABOUT_RETURN_TYPE = YES_ERROR;
				GCC_WARN_UNDECLARED_SELECTOR = YES;
				GCC_WARN_UNINITIALIZED_AUTOS = YES_AGGRESSIVE;
				GCC_WARN_UNUSED_FUNCTION = YES;
				GCC_WARN_UNUSED_VARIABLE = YES;
				IPHONEOS_DEPLOYMENT_TARGET = 10.2;
				MTL_ENABLE_DEBUG_INFO = YES;
				ONLY_ACTIVE_ARCH = YES;
				SDKROOT = iphoneos;
				SWIFT_ACTIVE_COMPILATION_CONDITIONS = DEBUG;
				SWIFT_OPTIMIZATION_LEVEL = "-Onone";
				TARGETED_DEVICE_FAMILY = "1,2";
			};
			name = Debug;
		};
		77B87EF01EBC02C70058D877 /* Release */ = {
			isa = XCBuildConfiguration;
			buildSettings = {
				ALWAYS_SEARCH_USER_PATHS = NO;
				CLANG_ANALYZER_NONNULL = YES;
				CLANG_CXX_LANGUAGE_STANDARD = "gnu++0x";
				CLANG_CXX_LIBRARY = "libc++";
				CLANG_ENABLE_MODULES = YES;
				CLANG_ENABLE_OBJC_ARC = YES;
				CLANG_WARN_BOOL_CONVERSION = YES;
				CLANG_WARN_CONSTANT_CONVERSION = YES;
				CLANG_WARN_DIRECT_OBJC_ISA_USAGE = YES_ERROR;
				CLANG_WARN_DOCUMENTATION_COMMENTS = YES;
				CLANG_WARN_EMPTY_BODY = YES;
				CLANG_WARN_ENUM_CONVERSION = YES;
				CLANG_WARN_INFINITE_RECURSION = YES;
				CLANG_WARN_INT_CONVERSION = YES;
				CLANG_WARN_OBJC_ROOT_CLASS = YES_ERROR;
				CLANG_WARN_SUSPICIOUS_MOVE = YES;
				CLANG_WARN_UNREACHABLE_CODE = YES;
				CLANG_WARN__DUPLICATE_METHOD_MATCH = YES;
				"CODE_SIGN_IDENTITY[sdk=iphoneos*]" = "iPhone Developer";
				COPY_PHASE_STRIP = NO;
				DEBUG_INFORMATION_FORMAT = "dwarf-with-dsym";
				ENABLE_NS_ASSERTIONS = NO;
				ENABLE_STRICT_OBJC_MSGSEND = YES;
				GCC_C_LANGUAGE_STANDARD = gnu99;
				GCC_NO_COMMON_BLOCKS = YES;
				GCC_WARN_64_TO_32_BIT_CONVERSION = YES;
				GCC_WARN_ABOUT_RETURN_TYPE = YES_ERROR;
				GCC_WARN_UNDECLARED_SELECTOR = YES;
				GCC_WARN_UNINITIALIZED_AUTOS = YES_AGGRESSIVE;
				GCC_WARN_UNUSED_FUNCTION = YES;
				GCC_WARN_UNUSED_VARIABLE = YES;
				IPHONEOS_DEPLOYMENT_TARGET = 10.2;
				MTL_ENABLE_DEBUG_INFO = NO;
				SDKROOT = iphoneos;
				SWIFT_OPTIMIZATION_LEVEL = "-Owholemodule";
				TARGETED_DEVICE_FAMILY = "1,2";
				VALIDATE_PRODUCT = YES;
			};
			name = Release;
		};
		77B87EF21EBC02C70058D877 /* Debug */ = {
			isa = XCBuildConfiguration;
			baseConfigurationReference = AB96B4D421E4DC9A5A822E3E /* Pods-Weather Today.debug.xcconfig */;
			buildSettings = {
				ASSETCATALOG_COMPILER_APPICON_NAME = AppIcon;
				"CODE_SIGN_IDENTITY[sdk=iphoneos*]" = "iPhone Developer";
				DEVELOPMENT_TEAM = 39SZABLU7Z;
				INFOPLIST_FILE = "Weather Today/Info.plist";
				LD_RUNPATH_SEARCH_PATHS = "$(inherited) @executable_path/Frameworks";
				PRODUCT_BUNDLE_IDENTIFIER = "com.sebastianlara.weather-today";
				PRODUCT_NAME = "$(TARGET_NAME)";
				SWIFT_VERSION = 3.0;
			};
			name = Debug;
		};
		77B87EF31EBC02C70058D877 /* Release */ = {
			isa = XCBuildConfiguration;
			baseConfigurationReference = 6CDE422A6AC1FB897CED342C /* Pods-Weather Today.release.xcconfig */;
			buildSettings = {
				ASSETCATALOG_COMPILER_APPICON_NAME = AppIcon;
				"CODE_SIGN_IDENTITY[sdk=iphoneos*]" = "iPhone Developer";
				DEVELOPMENT_TEAM = 39SZABLU7Z;
				INFOPLIST_FILE = "Weather Today/Info.plist";
				LD_RUNPATH_SEARCH_PATHS = "$(inherited) @executable_path/Frameworks";
				PRODUCT_BUNDLE_IDENTIFIER = "com.sebastianlara.weather-today";
				PRODUCT_NAME = "$(TARGET_NAME)";
				SWIFT_VERSION = 3.0;
			};
			name = Release;
		};
/* End XCBuildConfiguration section */

/* Begin XCConfigurationList section */
		77B87ED81EBC02C70058D877 /* Build configuration list for PBXProject "Weather Today" */ = {
			isa = XCConfigurationList;
			buildConfigurations = (
				77B87EEF1EBC02C70058D877 /* Debug */,
				77B87EF01EBC02C70058D877 /* Release */,
			);
			defaultConfigurationIsVisible = 0;
			defaultConfigurationName = Release;
		};
		77B87EF11EBC02C70058D877 /* Build configuration list for PBXNativeTarget "Weather Today" */ = {
			isa = XCConfigurationList;
			buildConfigurations = (
				77B87EF21EBC02C70058D877 /* Debug */,
				77B87EF31EBC02C70058D877 /* Release */,
			);
			defaultConfigurationIsVisible = 0;
			defaultConfigurationName = Release;
		};
/* End XCConfigurationList section */
	};
	rootObject = 77B87ED51EBC02C70058D877 /* Project object */;
}
